
Microsoft Visual Studio Solution File, Format Version 12.00
# Visual Studio Version 17
VisualStudioVersion = 17.5.002.0
MinimumVisualStudioVersion = 10.0.40219.1
Project("{2150E333-8FDC-42A3-9474-1A3956D46DE8}") = "sandbox", "sandbox", "{B09717D5-A5E5-4046-8EED-CB8BFAE74AEF}"
EndProject
Project("{9A19103F-16F7-4668-BE54-9A1E7A4F7556}") = "sandbox_project", "sandbox\sandbox_project\sandbox_project.csproj", "{BA320B82-1C8B-43AF-B495-5F07474E76E4}"
EndProject
Project("{2150E333-8FDC-42A3-9474-1A3956D46DE8}") = "week01", "week01", "{8F80BEE2-6CAA-45F6-9CB0-57D9426EBF39}"
EndProject
Project("{9A19103F-16F7-4668-BE54-9A1E7A4F7556}") = "analyze", "week01\analyze\analyze.csproj", "{5ECF6AE1-83D3-47B2-B7AE-C80376235CA6}"
EndProject
Project("{9A19103F-16F7-4668-BE54-9A1E7A4F7556}") = "code", "week01\code\code.csproj", "{5E58BBC5-8D90-4F5B-BC4F-E9F9399CA331}"
EndProject
Project("{9A19103F-16F7-4668-BE54-9A1E7A4F7556}") = "teach", "week01\teach\teach.csproj", "{0F32576F-FC58-4A65-A80F-CBE3004490EA}"
EndProject
Project("{2150E333-8FDC-42A3-9474-1A3956D46DE8}") = "week02", "week02", "{A5C10593-9093-4394-8995-D934A4389F3F}"
EndProject
Project("{9A19103F-16F7-4668-BE54-9A1E7A4F7556}") = "analyze", "week02\analyze\analyze.csproj", "{B9C5087F-6E73-4F15-9DF8-A46B86526E3E}"
EndProject
Project("{9A19103F-16F7-4668-BE54-9A1E7A4F7556}") = "code", "week02\code\code.csproj", "{BCFBB1F1-36C4-423C-AC1F-4F93DB79A42F}"
EndProject
Project("{9A19103F-16F7-4668-BE54-9A1E7A4F7556}") = "learn", "week02\learn\learn.csproj", "{9FF60AA9-9CE3-4BD8-A6EE-89AE692B9C12}"
EndProject
Project("{9A19103F-16F7-4668-BE54-9A1E7A4F7556}") = "teach", "week02\teach\teach.csproj", "{B809133C-ACC8-4A91-8502-9678B4C67E49}"
EndProject
Project("{2150E333-8FDC-42A3-9474-1A3956D46DE8}") = "week03", "week03", "{9C110639-C98C-4497-8B7B-05AD9E75DC55}"
EndProject
Project("{9A19103F-16F7-4668-BE54-9A1E7A4F7556}") = "code", "week03\code\code.csproj", "{C4D2090D-226B-42C4-9C74-703C6A239567}"
EndProject
Project("{9A19103F-16F7-4668-BE54-9A1E7A4F7556}") = "learn", "week03\learn\learn.csproj", "{5EA23859-4728-427F-9687-0C6CCF3B3691}"
EndProject
Project("{9A19103F-16F7-4668-BE54-9A1E7A4F7556}") = "teach", "week03\teach\teach.csproj", "{4AF35B6D-1E4F-4C85-8165-3A913531A1DC}"
EndProject
Project("{2150E333-8FDC-42A3-9474-1A3956D46DE8}") = "week04", "week04", "{F502CB2C-6DA0-4AD1-96F0-D2010FE2F607}"
EndProject
Project("{9A19103F-16F7-4668-BE54-9A1E7A4F7556}") = "code", "week04\code\code.csproj", "{C9B6C53A-2410-46B3-8AD8-28EAF9A04A8B}"
EndProject
Project("{2150E333-8FDC-42A3-9474-1A3956D46DE8}") = "week05", "week05", "{339E9AF0-C04F-4190-88AD-8887BE90D14D}"
EndProject
Project("{9A19103F-16F7-4668-BE54-9A1E7A4F7556}") = "code", "week05\code\code.csproj", "{87DF5B50-3C99-4283-B957-66A396138096}"
EndProject
Project("{2150E333-8FDC-42A3-9474-1A3956D46DE8}") = "week06", "week06", "{AC3C25C1-8F46-4276-B71E-4922E4C8CF6F}"
EndProject
Project("{9A19103F-16F7-4668-BE54-9A1E7A4F7556}") = "code", "week06\code\code.csproj", "{CA3601C5-33FB-49E5-A8EF-FC12F0EDB49B}"
EndProject
Global
	GlobalSection(SolutionConfigurationPlatforms) = preSolution
		Debug|Any CPU = Debug|Any CPU
		Release|Any CPU = Release|Any CPU
	EndGlobalSection
	GlobalSection(ProjectConfigurationPlatforms) = postSolution
		{BA320B82-1C8B-43AF-B495-5F07474E76E4}.Debug|Any CPU.ActiveCfg = Debug|Any CPU
		{BA320B82-1C8B-43AF-B495-5F07474E76E4}.Debug|Any CPU.Build.0 = Debug|Any CPU
		{BA320B82-1C8B-43AF-B495-5F07474E76E4}.Release|Any CPU.ActiveCfg = Release|Any CPU
		{BA320B82-1C8B-43AF-B495-5F07474E76E4}.Release|Any CPU.Build.0 = Release|Any CPU
		{5ECF6AE1-83D3-47B2-B7AE-C80376235CA6}.Debug|Any CPU.ActiveCfg = Debug|Any CPU
		{5ECF6AE1-83D3-47B2-B7AE-C80376235CA6}.Debug|Any CPU.Build.0 = Debug|Any CPU
		{5ECF6AE1-83D3-47B2-B7AE-C80376235CA6}.Release|Any CPU.ActiveCfg = Release|Any CPU
		{5ECF6AE1-83D3-47B2-B7AE-C80376235CA6}.Release|Any CPU.Build.0 = Release|Any CPU
		{5E58BBC5-8D90-4F5B-BC4F-E9F9399CA331}.Debug|Any CPU.ActiveCfg = Debug|Any CPU
		{5E58BBC5-8D90-4F5B-BC4F-E9F9399CA331}.Debug|Any CPU.Build.0 = Debug|Any CPU
		{5E58BBC5-8D90-4F5B-BC4F-E9F9399CA331}.Release|Any CPU.ActiveCfg = Release|Any CPU
		{5E58BBC5-8D90-4F5B-BC4F-E9F9399CA331}.Release|Any CPU.Build.0 = Release|Any CPU
		{0F32576F-FC58-4A65-A80F-CBE3004490EA}.Debug|Any CPU.ActiveCfg = Debug|Any CPU
		{0F32576F-FC58-4A65-A80F-CBE3004490EA}.Debug|Any CPU.Build.0 = Debug|Any CPU
		{0F32576F-FC58-4A65-A80F-CBE3004490EA}.Release|Any CPU.ActiveCfg = Release|Any CPU
		{0F32576F-FC58-4A65-A80F-CBE3004490EA}.Release|Any CPU.Build.0 = Release|Any CPU
		{B9C5087F-6E73-4F15-9DF8-A46B86526E3E}.Debug|Any CPU.ActiveCfg = Debug|Any CPU
		{B9C5087F-6E73-4F15-9DF8-A46B86526E3E}.Debug|Any CPU.Build.0 = Debug|Any CPU
		{B9C5087F-6E73-4F15-9DF8-A46B86526E3E}.Release|Any CPU.ActiveCfg = Release|Any CPU
		{B9C5087F-6E73-4F15-9DF8-A46B86526E3E}.Release|Any CPU.Build.0 = Release|Any CPU
		{BCFBB1F1-36C4-423C-AC1F-4F93DB79A42F}.Debug|Any CPU.ActiveCfg = Debug|Any CPU
		{BCFBB1F1-36C4-423C-AC1F-4F93DB79A42F}.Debug|Any CPU.Build.0 = Debug|Any CPU
		{BCFBB1F1-36C4-423C-AC1F-4F93DB79A42F}.Release|Any CPU.ActiveCfg = Release|Any CPU
		{BCFBB1F1-36C4-423C-AC1F-4F93DB79A42F}.Release|Any CPU.Build.0 = Release|Any CPU
		{9FF60AA9-9CE3-4BD8-A6EE-89AE692B9C12}.Debug|Any CPU.ActiveCfg = Debug|Any CPU
		{9FF60AA9-9CE3-4BD8-A6EE-89AE692B9C12}.Debug|Any CPU.Build.0 = Debug|Any CPU
		{9FF60AA9-9CE3-4BD8-A6EE-89AE692B9C12}.Release|Any CPU.ActiveCfg = Release|Any CPU
		{9FF60AA9-9CE3-4BD8-A6EE-89AE692B9C12}.Release|Any CPU.Build.0 = Release|Any CPU
		{B809133C-ACC8-4A91-8502-9678B4C67E49}.Debug|Any CPU.ActiveCfg = Debug|Any CPU
		{B809133C-ACC8-4A91-8502-9678B4C67E49}.Debug|Any CPU.Build.0 = Debug|Any CPU
		{B809133C-ACC8-4A91-8502-9678B4C67E49}.Release|Any CPU.ActiveCfg = Release|Any CPU
		{B809133C-ACC8-4A91-8502-9678B4C67E49}.Release|Any CPU.Build.0 = Release|Any CPU
		{C4D2090D-226B-42C4-9C74-703C6A239567}.Debug|Any CPU.ActiveCfg = Debug|Any CPU
		{C4D2090D-226B-42C4-9C74-703C6A239567}.Debug|Any CPU.Build.0 = Debug|Any CPU
		{C4D2090D-226B-42C4-9C74-703C6A239567}.Release|Any CPU.ActiveCfg = Release|Any CPU
		{C4D2090D-226B-42C4-9C74-703C6A239567}.Release|Any CPU.Build.0 = Release|Any CPU
		{5EA23859-4728-427F-9687-0C6CCF3B3691}.Debug|Any CPU.ActiveCfg = Debug|Any CPU
		{5EA23859-4728-427F-9687-0C6CCF3B3691}.Debug|Any CPU.Build.0 = Debug|Any CPU
		{5EA23859-4728-427F-9687-0C6CCF3B3691}.Release|Any CPU.ActiveCfg = Release|Any CPU
		{5EA23859-4728-427F-9687-0C6CCF3B3691}.Release|Any CPU.Build.0 = Release|Any CPU
		{4AF35B6D-1E4F-4C85-8165-3A913531A1DC}.Debug|Any CPU.ActiveCfg = Debug|Any CPU
		{4AF35B6D-1E4F-4C85-8165-3A913531A1DC}.Debug|Any CPU.Build.0 = Debug|Any CPU
		{4AF35B6D-1E4F-4C85-8165-3A913531A1DC}.Release|Any CPU.ActiveCfg = Release|Any CPU
		{4AF35B6D-1E4F-4C85-8165-3A913531A1DC}.Release|Any CPU.Build.0 = Release|Any CPU
		{C9B6C53A-2410-46B3-8AD8-28EAF9A04A8B}.Debug|Any CPU.ActiveCfg = Debug|Any CPU
		{C9B6C53A-2410-46B3-8AD8-28EAF9A04A8B}.Debug|Any CPU.Build.0 = Debug|Any CPU
		{C9B6C53A-2410-46B3-8AD8-28EAF9A04A8B}.Release|Any CPU.ActiveCfg = Release|Any CPU
		{C9B6C53A-2410-46B3-8AD8-28EAF9A04A8B}.Release|Any CPU.Build.0 = Release|Any CPU
		{87DF5B50-3C99-4283-B957-66A396138096}.Debug|Any CPU.ActiveCfg = Debug|Any CPU
		{87DF5B50-3C99-4283-B957-66A396138096}.Debug|Any CPU.Build.0 = Debug|Any CPU
		{87DF5B50-3C99-4283-B957-66A396138096}.Release|Any CPU.ActiveCfg = Release|Any CPU
		{87DF5B50-3C99-4283-B957-66A396138096}.Release|Any CPU.Build.0 = Release|Any CPU
		{CA3601C5-33FB-49E5-A8EF-FC12F0EDB49B}.Debug|Any CPU.ActiveCfg = Debug|Any CPU
		{CA3601C5-33FB-49E5-A8EF-FC12F0EDB49B}.Debug|Any CPU.Build.0 = Debug|Any CPU
		{CA3601C5-33FB-49E5-A8EF-FC12F0EDB49B}.Release|Any CPU.ActiveCfg = Release|Any CPU
		{CA3601C5-33FB-49E5-A8EF-FC12F0EDB49B}.Release|Any CPU.Build.0 = Release|Any CPU
	EndGlobalSection
	GlobalSection(SolutionProperties) = preSolution
		HideSolutionNode = FALSE
	EndGlobalSection
	GlobalSection(NestedProjects) = preSolution
		{BA320B82-1C8B-43AF-B495-5F07474E76E4} = {B09717D5-A5E5-4046-8EED-CB8BFAE74AEF}
		{5ECF6AE1-83D3-47B2-B7AE-C80376235CA6} = {8F80BEE2-6CAA-45F6-9CB0-57D9426EBF39}
		{5E58BBC5-8D90-4F5B-BC4F-E9F9399CA331} = {8F80BEE2-6CAA-45F6-9CB0-57D9426EBF39}
		{0F32576F-FC58-4A65-A80F-CBE3004490EA} = {8F80BEE2-6CAA-45F6-9CB0-57D9426EBF39}
		{B9C5087F-6E73-4F15-9DF8-A46B86526E3E} = {A5C10593-9093-4394-8995-D934A4389F3F}
		{BCFBB1F1-36C4-423C-AC1F-4F93DB79A42F} = {A5C10593-9093-4394-8995-D934A4389F3F}
		{9FF60AA9-9CE3-4BD8-A6EE-89AE692B9C12} = {A5C10593-9093-4394-8995-D934A4389F3F}
		{B809133C-ACC8-4A91-8502-9678B4C67E49} = {A5C10593-9093-4394-8995-D934A4389F3F}
		{C4D2090D-226B-42C4-9C74-703C6A239567} = {9C110639-C98C-4497-8B7B-05AD9E75DC55}
		{5EA23859-4728-427F-9687-0C6CCF3B3691} = {9C110639-C98C-4497-8B7B-05AD9E75DC55}
		{4AF35B6D-1E4F-4C85-8165-3A913531A1DC} = {9C110639-C98C-4497-8B7B-05AD9E75DC55}
		{C9B6C53A-2410-46B3-8AD8-28EAF9A04A8B} = {F502CB2C-6DA0-4AD1-96F0-D2010FE2F607}
		{87DF5B50-3C99-4283-B957-66A396138096} = {339E9AF0-C04F-4190-88AD-8887BE90D14D}
		{CA3601C5-33FB-49E5-A8EF-FC12F0EDB49B} = {AC3C25C1-8F46-4276-B71E-4922E4C8CF6F}
	EndGlobalSection
	GlobalSection(ExtensibilityGlobals) = postSolution
		SolutionGuid = {DC7C5684-AD89-4654-9E0F-A1031C7462F1}
	EndGlobalSection
EndGlobal
